{
  "name": "geocoder",
  "version": "0.2.3",
  "lockfileVersion": 1,
  "requires": true,
  "dependencies": {
    "phin": {
      "version": "2.2.4",
      "resolved": "https://registry.npmjs.org/phin/-/phin-2.2.4.tgz",
      "integrity": "sha512-9KAAVStmAgqj9K+nRQYVqt5ehcZ2LkTKqnXNXnInGrB6StG6MRKwX8wvYaapGyGMOoshlJLdEDQ8YPnIVSAKaw=="
    }
  }
}
